
Microsoft Visual Studio Solution File, Format Version 12.00
# Visual Studio Version 17
VisualStudioVersion = 17.0.32014.148
MinimumVisualStudioVersion = 10.0.40219.1
Project("{FAE04EC0-301F-11D3-BF4B-00C04F79EFBC}") = "RabbitMQ.Producer", "RabbitMQ.Producer\RabbitMQ.Producer.csproj", "{BCC81AE4-EEDF-4BCF-B631-E22697FD2B97}"
EndProject
Project("{FAE04EC0-301F-11D3-BF4B-00C04F79EFBC}") = "RabbiMQ.Consumer", "RabbiMQ.Consumer\RabbiMQ.Consumer.csproj", "{249E9C4C-54BD-4F81-8790-0DE97BEE68A2}"
EndProject
Global
	GlobalSection(SolutionConfigurationPlatforms) = preSolution
		Debug|Any CPU = Debug|Any CPU
		Release|Any CPU = Release|Any CPU
	EndGlobalSection
	GlobalSection(ProjectConfigurationPlatforms) = postSolution
		{BCC81AE4-EEDF-4BCF-B631-E22697FD2B97}.Debug|Any CPU.ActiveCfg = Debug|Any CPU
		{BCC81AE4-EEDF-4BCF-B631-E22697FD2B97}.Debug|Any CPU.Build.0 = Debug|Any CPU
		{BCC81AE4-EEDF-4BCF-B631-E22697FD2B97}.Release|Any CPU.ActiveCfg = Release|Any CPU
		{BCC81AE4-EEDF-4BCF-B631-E22697FD2B97}.Release|Any CPU.Build.0 = Release|Any CPU
		{249E9C4C-54BD-4F81-8790-0DE97BEE68A2}.Debug|Any CPU.ActiveCfg = Debug|Any CPU
		{249E9C4C-54BD-4F81-8790-0DE97BEE68A2}.Debug|Any CPU.Build.0 = Debug|Any CPU
		{249E9C4C-54BD-4F81-8790-0DE97BEE68A2}.Release|Any CPU.ActiveCfg = Release|Any CPU
		{249E9C4C-54BD-4F81-8790-0DE97BEE68A2}.Release|Any CPU.Build.0 = Release|Any CPU
	EndGlobalSection
	GlobalSection(SolutionProperties) = preSolution
		HideSolutionNode = FALSE
	EndGlobalSection
	GlobalSection(ExtensibilityGlobals) = postSolution
		SolutionGuid = {F1F0087C-825C-441C-9B43-22BFD2E97BB7}
	EndGlobalSection
EndGlobal
